// !$*UTF8*$!
{
	archiveVersion = 1;
	classes = {
	};
	objectVersion = 50;
	objects = {

/* Begin PBXBuildFile section */
		AF07BAFA2533698100878D79 /* NewAlarmViewController.swift in Sources */ = {isa = PBXBuildFile; fileRef = AF07BAF92533698100878D79 /* NewAlarmViewController.swift */; };
		AF07BAFC253376F500878D79 /* AddAlarm.swift in Sources */ = {isa = PBXBuildFile; fileRef = AF07BAFB253376F500878D79 /* AddAlarm.swift */; };
		AF07BAFE2533849600878D79 /* DeleteAlarm.swift in Sources */ = {isa = PBXBuildFile; fileRef = AF07BAFD2533849600878D79 /* DeleteAlarm.swift */; };
		AF07BB022533894200878D79 /* UpdateViewController.swift in Sources */ = {isa = PBXBuildFile; fileRef = AF07BB012533894200878D79 /* UpdateViewController.swift */; };
		AF13E1A52535A9A80023785F /* UpdateAlarm.swift in Sources */ = {isa = PBXBuildFile; fileRef = AF13E1A42535A9A80023785F /* UpdateAlarm.swift */; };
		AF1ED06625334FA900911764 /* AppDelegate.swift in Sources */ = {isa = PBXBuildFile; fileRef = AF1ED06525334FA900911764 /* AppDelegate.swift */; };
		AF1ED06825334FA900911764 /* SceneDelegate.swift in Sources */ = {isa = PBXBuildFile; fileRef = AF1ED06725334FA900911764 /* SceneDelegate.swift */; };
		AF1ED06D25334FA900911764 /* Main.storyboard in Resources */ = {isa = PBXBuildFile; fileRef = AF1ED06B25334FA900911764 /* Main.storyboard */; };
		AF1ED06F25334FAD00911764 /* Assets.xcassets in Resources */ = {isa = PBXBuildFile; fileRef = AF1ED06E25334FAD00911764 /* Assets.xcassets */; };
		AF1ED07225334FAD00911764 /* LaunchScreen.storyboard in Resources */ = {isa = PBXBuildFile; fileRef = AF1ED07025334FAD00911764 /* LaunchScreen.storyboard */; };
		AF1ED07B2533518100911764 /* AlarmTableViewController.swift in Sources */ = {isa = PBXBuildFile; fileRef = AF1ED07A2533518100911764 /* AlarmTableViewController.swift */; };
		AF1ED07F253352B300911764 /* Data.swift in Sources */ = {isa = PBXBuildFile; fileRef = AF1ED07E253352B300911764 /* Data.swift */; };
		AF1ED0822533552600911764 /* Alarm.swift in Sources */ = {isa = PBXBuildFile; fileRef = AF1ED0812533552600911764 /* Alarm.swift */; };
		AF1ED0862533590900911764 /* AlarmTableViewCell.swift in Sources */ = {isa = PBXBuildFile; fileRef = AF1ED0852533590900911764 /* AlarmTableViewCell.swift */; };
/* End PBXBuildFile section */

/* Begin PBXFileReference section */
		AF07BAF92533698100878D79 /* NewAlarmViewController.swift */ = {isa = PBXFileReference; lastKnownFileType = sourcecode.swift; path = NewAlarmViewController.swift; sourceTree = "<group>"; };
		AF07BAFB253376F500878D79 /* AddAlarm.swift */ = {isa = PBXFileReference; lastKnownFileType = sourcecode.swift; path = AddAlarm.swift; sourceTree = "<group>"; };
		AF07BAFD2533849600878D79 /* DeleteAlarm.swift */ = {isa = PBXFileReference; lastKnownFileType = sourcecode.swift; path = DeleteAlarm.swift; sourceTree = "<group>"; };
		AF07BB012533894200878D79 /* UpdateViewController.swift */ = {isa = PBXFileReference; lastKnownFileType = sourcecode.swift; path = UpdateViewController.swift; sourceTree = "<group>"; };
		AF13E1A42535A9A80023785F /* UpdateAlarm.swift */ = {isa = PBXFileReference; lastKnownFileType = sourcecode.swift; path = UpdateAlarm.swift; sourceTree = "<group>"; };
		AF1ED06225334FA900911764 /* Alarm.app */ = {isa = PBXFileReference; explicitFileType = wrapper.application; includeInIndex = 0; path = Alarm.app; sourceTree = BUILT_PRODUCTS_DIR; };
		AF1ED06525334FA900911764 /* AppDelegate.swift */ = {isa = PBXFileReference; lastKnownFileType = sourcecode.swift; path = AppDelegate.swift; sourceTree = "<group>"; };
		AF1ED06725334FA900911764 /* SceneDelegate.swift */ = {isa = PBXFileReference; lastKnownFileType = sourcecode.swift; path = SceneDelegate.swift; sourceTree = "<group>"; };
		AF1ED06C25334FA900911764 /* Base */ = {isa = PBXFileReference; lastKnownFileType = file.storyboard; name = Base; path = Base.lproj/Main.storyboard; sourceTree = "<group>"; };
		AF1ED06E25334FAD00911764 /* Assets.xcassets */ = {isa = PBXFileReference; lastKnownFileType = folder.assetcatalog; path = Assets.xcassets; sourceTree = "<group>"; };
		AF1ED07125334FAD00911764 /* Base */ = {isa = PBXFileReference; lastKnownFileType = file.storyboard; name = Base; path = Base.lproj/LaunchScreen.storyboard; sourceTree = "<group>"; };
		AF1ED07325334FAD00911764 /* Info.plist */ = {isa = PBXFileReference; lastKnownFileType = text.plist.xml; path = Info.plist; sourceTree = "<group>"; };
		AF1ED07A2533518100911764 /* AlarmTableViewController.swift */ = {isa = PBXFileReference; lastKnownFileType = sourcecode.swift; path = AlarmTableViewController.swift; sourceTree = "<group>"; };
		AF1ED07E253352B300911764 /* Data.swift */ = {isa = PBXFileReference; lastKnownFileType = sourcecode.swift; path = Data.swift; sourceTree = "<group>"; };
		AF1ED0812533552600911764 /* Alarm.swift */ = {isa = PBXFileReference; lastKnownFileType = sourcecode.swift; path = Alarm.swift; sourceTree = "<group>"; };
		AF1ED0852533590900911764 /* AlarmTableViewCell.swift */ = {isa = PBXFileReference; lastKnownFileType = sourcecode.swift; path = AlarmTableViewCell.swift; sourceTree = "<group>"; };
/* End PBXFileReference section */

/* Begin PBXFrameworksBuildPhase section */
		AF1ED05F25334FA900911764 /* Frameworks */ = {
			isa = PBXFrameworksBuildPhase;
			buildActionMask = 2147483647;
			files = (
			);
			runOnlyForDeploymentPostprocessing = 0;
		};
/* End PBXFrameworksBuildPhase section */

/* Begin PBXGroup section */
		AF07BAFF253384FA00878D79 /* Models */ = {
			isa = PBXGroup;
			children = (
				AF07BB002533850800878D79 /* Protocols */,
				AF1ED07E253352B300911764 /* Data.swift */,
				AF1ED0812533552600911764 /* Alarm.swift */,
			);
			path = Models;
			sourceTree = "<group>";
		};
		AF07BB002533850800878D79 /* Protocols */ = {
			isa = PBXGroup;
			children = (
				AF07BAFB253376F500878D79 /* AddAlarm.swift */,
				AF07BAFD2533849600878D79 /* DeleteAlarm.swift */,
				AF13E1A42535A9A80023785F /* UpdateAlarm.swift */,
			);
			path = Protocols;
			sourceTree = "<group>";
		};
		AF1ED05925334FA900911764 = {
			isa = PBXGroup;
			children = (
				AF1ED06425334FA900911764 /* Alarm */,
				AF1ED06325334FA900911764 /* Products */,
			);
			sourceTree = "<group>";
		};
		AF1ED06325334FA900911764 /* Products */ = {
			isa = PBXGroup;
			children = (
				AF1ED06225334FA900911764 /* Alarm.app */,
			);
			name = Products;
			sourceTree = "<group>";
		};
		AF1ED06425334FA900911764 /* Alarm */ = {
			isa = PBXGroup;
			children = (
				AF07BAFF253384FA00878D79 /* Models */,
				AF1ED0792533505700911764 /* others */,
				AF1ED06B25334FA900911764 /* Main.storyboard */,
				AF1ED07A2533518100911764 /* AlarmTableViewController.swift */,
				AF1ED0852533590900911764 /* AlarmTableViewCell.swift */,
				AF07BAF92533698100878D79 /* NewAlarmViewController.swift */,
				AF07BB012533894200878D79 /* UpdateViewController.swift */,
				AF1ED07325334FAD00911764 /* Info.plist */,
			);
			path = Alarm;
			sourceTree = "<group>";
		};
		AF1ED0792533505700911764 /* others */ = {
			isa = PBXGroup;
			children = (
				AF1ED06525334FA900911764 /* AppDelegate.swift */,
				AF1ED06725334FA900911764 /* SceneDelegate.swift */,
				AF1ED06E25334FAD00911764 /* Assets.xcassets */,
				AF1ED07025334FAD00911764 /* LaunchScreen.storyboard */,
			);
			path = others;
			sourceTree = "<group>";
		};
/* End PBXGroup section */

/* Begin PBXNativeTarget section */
		AF1ED06125334FA900911764 /* Alarm */ = {
			isa = PBXNativeTarget;
			buildConfigurationList = AF1ED07625334FAD00911764 /* Build configuration list for PBXNativeTarget "Alarm" */;
			buildPhases = (
				AF1ED05E25334FA900911764 /* Sources */,
				AF1ED05F25334FA900911764 /* Frameworks */,
				AF1ED06025334FA900911764 /* Resources */,
			);
			buildRules = (
			);
			dependencies = (
			);
			name = Alarm;
			productName = Alarm;
			productReference = AF1ED06225334FA900911764 /* Alarm.app */;
			productType = "com.apple.product-type.application";
		};
/* End PBXNativeTarget section */

/* Begin PBXProject section */
		AF1ED05A25334FA900911764 /* Project object */ = {
			isa = PBXProject;
			attributes = {
				LastSwiftUpdateCheck = 1130;
				LastUpgradeCheck = 1130;
				ORGANIZATIONNAME = "Madina Tazhiyeva";
				TargetAttributes = {
					AF1ED06125334FA900911764 = {
						CreatedOnToolsVersion = 11.3.1;
					};
				};
			};
			buildConfigurationList = AF1ED05D25334FA900911764 /* Build configuration list for PBXProject "Alarm" */;
			compatibilityVersion = "Xcode 9.3";
			developmentRegion = en;
			hasScannedForEncodings = 0;
			knownRegions = (
				en,
				Base,
			);
			mainGroup = AF1ED05925334FA900911764;
			productRefGroup = AF1ED06325334FA900911764 /* Products */;
			projectDirPath = "";
			projectRoot = "";
			targets = (
				AF1ED06125334FA900911764 /* Alarm */,
			);
		};
/* End PBXProject section */

/* Begin PBXResourcesBuildPhase section */
		AF1ED06025334FA900911764 /* Resources */ = {
			isa = PBXResourcesBuildPhase;
			buildActionMask = 2147483647;
			files = (
				AF1ED07225334FAD00911764 /* LaunchScreen.storyboard in Resources */,
				AF1ED06F25334FAD00911764 /* Assets.xcassets in Resources */,
				AF1ED06D25334FA900911764 /* Main.storyboard in Resources */,
			);
			runOnlyForDeploymentPostprocessing = 0;
		};
/* End PBXResourcesBuildPhase section */

/* Begin PBXSourcesBuildPhase section */
		AF1ED05E25334FA900911764 /* Sources */ = {
			isa = PBXSourcesBuildPhase;
			buildActionMask = 2147483647;
			files = (
				AF1ED07F253352B300911764 /* Data.swift in Sources */,
				AF1ED07B2533518100911764 /* AlarmTableViewController.swift in Sources */,
				AF1ED0862533590900911764 /* AlarmTableViewCell.swift in Sources */,
				AF1ED06625334FA900911764 /* AppDelegate.swift in Sources */,
				AF1ED06825334FA900911764 /* SceneDelegate.swift in Sources */,
				AF07BAFA2533698100878D79 /* NewAlarmViewController.swift in Sources */,
				AF07BAFC253376F500878D79 /* AddAlarm.swift in Sources */,
				AF13E1A52535A9A80023785F /* UpdateAlarm.swift in Sources */,
				AF07BAFE2533849600878D79 /* DeleteAlarm.swift in Sources */,
				AF1ED0822533552600911764 /* Alarm.swift in Sources */,
				AF07BB022533894200878D79 /* UpdateViewController.swift in Sources */,
			);
			runOnlyForDeploymentPostprocessing = 0;
		};
/* End PBXSourcesBuildPhase section */

/* Begin PBXVariantGroup section */
		AF1ED06B25334FA900911764 /* Main.storyboard */ = {
			isa = PBXVariantGroup;
			children = (
				AF1ED06C25334FA900911764 /* Base */,
			);
			name = Main.storyboard;
			sourceTree = "<group>";
		};
		AF1ED07025334FAD00911764 /* LaunchScreen.storyboard */ = {
			isa = PBXVariantGroup;
			children = (
				AF1ED07125334FAD00911764 /* Base */,
			);
			name = LaunchScreen.storyboard;
			sourceTree = "<group>";
		};
/* End PBXVariantGroup section */

/* Begin XCBuildConfiguration section */
		AF1ED07425334FAD00911764 /* Debug */ = {
			isa = XCBuildConfiguration;
			buildSettings = {
				ALWAYS_SEARCH_USER_PATHS = NO;
				CLANG_ANALYZER_NONNULL = YES;
				CLANG_ANALYZER_NUMBER_OBJECT_CONVERSION = YES_AGGRESSIVE;
				CLANG_CXX_LANGUAGE_STANDARD = "gnu++14";
				CLANG_CXX_LIBRARY = "libc++";
				CLANG_ENABLE_MODULES = YES;
				CLANG_ENABLE_OBJC_ARC = YES;
				CLANG_ENABLE_OBJC_WEAK = YES;
				CLANG_WARN_BLOCK_CAPTURE_AUTORELEASING = YES;
				CLANG_WARN_BOOL_CONVERSION = YES;
				CLANG_WARN_COMMA = YES;
				CLANG_WARN_CONSTANT_CONVERSION = YES;
				CLANG_WARN_DEPRECATED_OBJC_IMPLEMENTATIONS = YES;
				CLANG_WARN_DIRECT_OBJC_ISA_USAGE = YES_ERROR;
				CLANG_WARN_DOCUMENTATION_COMMENTS = YES;
				CLANG_WARN_EMPTY_BODY = YES;
				CLANG_WARN_ENUM_CONVERSION = YES;
				CLANG_WARN_INFINITE_RECURSION = YES;
				CLANG_WARN_INT_CONVERSION = YES;
				CLANG_WARN_NON_LITERAL_NULL_CONVERSION = YES;
				CLANG_WARN_OBJC_IMPLICIT_RETAIN_SELF = YES;
				CLANG_WARN_OBJC_LITERAL_CONVERSION = YES;
				CLANG_WARN_OBJC_ROOT_CLASS = YES_ERROR;
				CLANG_WARN_RANGE_LOOP_ANALYSIS = YES;
				CLANG_WARN_STRICT_PROTOTYPES = YES;
				CLANG_WARN_SUSPICIOUS_MOVE = YES;
				CLANG_WARN_UNGUARDED_AVAILABILITY = YES_AGGRESSIVE;
				CLANG_WARN_UNREACHABLE_CODE = YES;
				CLANG_WARN__DUPLICATE_METHOD_MATCH = YES;
				COPY_PHASE_STRIP = NO;
				DEBUG_INFORMATION_FORMAT = dwarf;
				ENABLE_STRICT_OBJC_MSGSEND = YES;
				ENABLE_TESTABILITY = YES;
				GCC_C_LANGUAGE_STANDARD = gnu11;
				GCC_DYNAMIC_NO_PIC = NO;
				GCC_NO_COMMON_BLOCKS = YES;
				GCC_OPTIMIZATION_LEVEL = 0;
				GCC_PREPROCESSOR_DEFINITIONS = (
					"DEBUG=1",
					"$(inherited)",
				);
				GCC_WARN_64_TO_32_BIT_CONVERSION = YES;
				GCC_WARN_ABOUT_RETURN_TYPE = YES_ERROR;
				GCC_WARN_UNDECLARED_SELECTOR = YES;
				GCC_WARN_UNINITIALIZED_AUTOS = YES_AGGRESSIVE;
				GCC_WARN_UNUSED_FUNCTION = YES;
				GCC_WARN_UNUSED_VARIABLE = YES;
				IPHONEOS_DEPLOYMENT_TARGET = 13.2;
				MTL_ENABLE_DEBUG_INFO = INCLUDE_SOURCE;
				MTL_FAST_MATH = YES;
				ONLY_ACTIVE_ARCH = YES;
				SDKROOT = iphoneos;
				SWIFT_ACTIVE_COMPILATION_CONDITIONS = DEBUG;
				SWIFT_OPTIMIZATION_LEVEL = "-Onone";
			};
			name = Debug;
		};
		AF1ED07525334FAD00911764 /* Release */ = {
			isa = XCBuildConfiguration;
			buildSettings = {
				ALWAYS_SEARCH_USER_PATHS = NO;
				CLANG_ANALYZER_NONNULL = YES;
				CLANG_ANALYZER_NUMBER_OBJECT_CONVERSION = YES_AGGRESSIVE;
				CLANG_CXX_LANGUAGE_STANDARD = "gnu++14";
				CLANG_CXX_LIBRARY = "libc++";
				CLANG_ENABLE_MODULES = YES;
				CLANG_ENABLE_OBJC_ARC = YES;
				CLANG_ENABLE_OBJC_WEAK = YES;
				CLANG_WARN_BLOCK_CAPTURE_AUTORELEASING = YES;
				CLANG_WARN_BOOL_CONVERSION = YES;
				CLANG_WARN_COMMA = YES;
				CLANG_WARN_CONSTANT_CONVERSION = YES;
				CLANG_WARN_DEPRECATED_OBJC_IMPLEMENTATIONS = YES;
				CLANG_WARN_DIRECT_OBJC_ISA_USAGE = YES_ERROR;
				CLANG_WARN_DOCUMENTATION_COMMENTS = YES;
				CLANG_WARN_EMPTY_BODY = YES;
				CLANG_WARN_ENUM_CONVERSION = YES;
				CLANG_WARN_INFINITE_RECURSION = YES;
				CLANG_WARN_INT_CONVERSION = YES;
				CLANG_WARN_NON_LITERAL_NULL_CONVERSION = YES;
				CLANG_WARN_OBJC_IMPLICIT_RETAIN_SELF = YES;
				CLANG_WARN_OBJC_LITERAL_CONVERSION = YES;
				CLANG_WARN_OBJC_ROOT_CLASS = YES_ERROR;
				CLANG_WARN_RANGE_LOOP_ANALYSIS = YES;
				CLANG_WARN_STRICT_PROTOTYPES = YES;
				CLANG_WARN_SUSPICIOUS_MOVE = YES;
				CLANG_WARN_UNGUARDED_AVAILABILITY = YES_AGGRESSIVE;
				CLANG_WARN_UNREACHABLE_CODE = YES;
				CLANG_WARN__DUPLICATE_METHOD_MATCH = YES;
				COPY_PHASE_STRIP = NO;
				DEBUG_INFORMATION_FORMAT = "dwarf-with-dsym";
				ENABLE_NS_ASSERTIONS = NO;
				ENABLE_STRICT_OBJC_MSGSEND = YES;
				GCC_C_LANGUAGE_STANDARD = gnu11;
				GCC_NO_COMMON_BLOCKS = YES;
				GCC_WARN_64_TO_32_BIT_CONVERSION = YES;
				GCC_WARN_ABOUT_RETURN_TYPE = YES_ERROR;
				GCC_WARN_UNDECLARED_SELECTOR = YES;
				GCC_WARN_UNINITIALIZED_AUTOS = YES_AGGRESSIVE;
				GCC_WARN_UNUSED_FUNCTION = YES;
				GCC_WARN_UNUSED_VARIABLE = YES;
				IPHONEOS_DEPLOYMENT_TARGET = 13.2;
				MTL_ENABLE_DEBUG_INFO = NO;
				MTL_FAST_MATH = YES;
				SDKROOT = iphoneos;
				SWIFT_COMPILATION_MODE = wholemodule;
				SWIFT_OPTIMIZATION_LEVEL = "-O";
				VALIDATE_PRODUCT = YES;
			};
			name = Release;
		};
		AF1ED07725334FAD00911764 /* Debug */ = {
			isa = XCBuildConfiguration;
			buildSettings = {
				ASSETCATALOG_COMPILER_APPICON_NAME = AppIcon;
				CODE_SIGN_STYLE = Automatic;
				DEVELOPMENT_TEAM = 8G9T29239P;
				INFOPLIST_FILE = Alarm/Info.plist;
				LD_RUNPATH_SEARCH_PATHS = (
					"$(inherited)",
					"@executable_path/Frameworks",
				);
				PRODUCT_BUNDLE_IDENTIFIER = com.madinatazhiyeva.Alarm;
				PRODUCT_NAME = "$(TARGET_NAME)";
				SWIFT_VERSION = 5.0;
				TARGETED_DEVICE_FAMILY = "1,2";
			};
			name = Debug;
		};
		AF1ED07825334FAD00911764 /* Release */ = {
			isa = XCBuildConfiguration;
			buildSettings = {
				ASSETCATALOG_COMPILER_APPICON_NAME = AppIcon;
				CODE_SIGN_STYLE = Automatic;
				DEVELOPMENT_TEAM = 8G9T29239P;
				INFOPLIST_FILE = Alarm/Info.plist;
				LD_RUNPATH_SEARCH_PATHS = (
					"$(inherited)",
					"@executable_path/Frameworks",
				);
				PRODUCT_BUNDLE_IDENTIFIER = com.madinatazhiyeva.Alarm;
				PRODUCT_NAME = "$(TARGET_NAME)";
				SWIFT_VERSION = 5.0;
				TARGETED_DEVICE_FAMILY = "1,2";
			};
			name = Release;
		};
/* End XCBuildConfiguration section */

/* Begin XCConfigurationList section */
		AF1ED05D25334FA900911764 /* Build configuration list for PBXProject "Alarm" */ = {
			isa = XCConfigurationList;
			buildConfigurations = (
				AF1ED07425334FAD00911764 /* Debug */,
				AF1ED07525334FAD00911764 /* Release */,
			);
			defaultConfigurationIsVisible = 0;
			defaultConfigurationName = Release;
		};
		AF1ED07625334FAD00911764 /* Build configuration list for PBXNativeTarget "Alarm" */ = {
			isa = XCConfigurationList;
			buildConfigurations = (
				AF1ED07725334FAD00911764 /* Debug */,
				AF1ED07825334FAD00911764 /* Release */,
			);
			defaultConfigurationIsVisible = 0;
			defaultConfigurationName = Release;
		};
/* End XCConfigurationList section */
	};
	rootObject = AF1ED05A25334FA900911764 /* Project object */;
}
